
Microsoft Visual Studio Solution File, Format Version 12.00
# Visual Studio Version 16
VisualStudioVersion = 16.0.29509.3
MinimumVisualStudioVersion = 10.0.40219.1
Project("{9A19103F-16F7-4668-BE54-9A1E7A4F7556}") = "JumpTableCreate", "JumpTableCreate\JumpTableCreate.csproj", "{CA16E62A-28E7-44CC-AB3A-0BE2C881FD70}"
EndProject
Global
	GlobalSection(SolutionConfigurationPlatforms) = preSolution
		Debug|Any CPU = Debug|Any CPU
		Release|Any CPU = Release|Any CPU
	EndGlobalSection
	GlobalSection(ProjectConfigurationPlatforms) = postSolution
		{CA16E62A-28E7-44CC-AB3A-0BE2C881FD70}.Debug|Any CPU.ActiveCfg = Debug|Any CPU
		{CA16E62A-28E7-44CC-AB3A-0BE2C881FD70}.Debug|Any CPU.Build.0 = Debug|Any CPU
		{CA16E62A-28E7-44CC-AB3A-0BE2C881FD70}.Release|Any CPU.ActiveCfg = Release|Any CPU
		{CA16E62A-28E7-44CC-AB3A-0BE2C881FD70}.Release|Any CPU.Build.0 = Release|Any CPU
	EndGlobalSection
	GlobalSection(SolutionProperties) = preSolution
		HideSolutionNode = FALSE
	EndGlobalSection
	GlobalSection(ExtensibilityGlobals) = postSolution
		SolutionGuid = {3E0F62C6-5620-4535-ADB6-245758869DE5}
	EndGlobalSection
EndGlobal
