
Microsoft Visual Studio Solution File, Format Version 12.00
# Visual Studio Version 16
VisualStudioVersion = 16.0.29509.3
MinimumVisualStudioVersion = 10.0.40219.1
Project("{FAE04EC0-301F-11D3-BF4B-00C04F79EFBC}") = "CreateJumpTable", "CreateJumpTable\CreateJumpTable.csproj", "{54ED7D31-A42E-46CB-8F3C-0D7407B44E8E}"
EndProject
Global
	GlobalSection(SolutionConfigurationPlatforms) = preSolution
		Debug|Any CPU = Debug|Any CPU
		Release|Any CPU = Release|Any CPU
	EndGlobalSection
	GlobalSection(ProjectConfigurationPlatforms) = postSolution
		{54ED7D31-A42E-46CB-8F3C-0D7407B44E8E}.Debug|Any CPU.ActiveCfg = Debug|Any CPU
		{54ED7D31-A42E-46CB-8F3C-0D7407B44E8E}.Debug|Any CPU.Build.0 = Debug|Any CPU
		{54ED7D31-A42E-46CB-8F3C-0D7407B44E8E}.Release|Any CPU.ActiveCfg = Release|Any CPU
		{54ED7D31-A42E-46CB-8F3C-0D7407B44E8E}.Release|Any CPU.Build.0 = Release|Any CPU
	EndGlobalSection
	GlobalSection(SolutionProperties) = preSolution
		HideSolutionNode = FALSE
	EndGlobalSection
	GlobalSection(ExtensibilityGlobals) = postSolution
		SolutionGuid = {3E0F62C6-5620-4535-ADB6-245758869DE5}
	EndGlobalSection
EndGlobal
